
Microsoft Visual Studio Solution File, Format Version 12.00
# Visual Studio 15
VisualStudioVersion = 15.0.28307.1145
MinimumVisualStudioVersion = 10.0.40219.1
Project("{FAE04EC0-301F-11D3-BF4B-00C04F79EFBC}") = "WebApi2", "WebApi2\WebApi2.csproj", "{67E66A6F-A918-48D4-8591-F816EAE4364F}"
EndProject
Project("{FAE04EC0-301F-11D3-BF4B-00C04F79EFBC}") = "WebApi2.Tests", "WebApi2.Tests\WebApi2.Tests.csproj", "{3B833DAB-3DAF-49E7-82EA-621DF2A14723}"
EndProject
Global
	GlobalSection(SolutionConfigurationPlatforms) = preSolution
		Debug|Any CPU = Debug|Any CPU
		Release|Any CPU = Release|Any CPU
	EndGlobalSection
	GlobalSection(ProjectConfigurationPlatforms) = postSolution
		{67E66A6F-A918-48D4-8591-F816EAE4364F}.Debug|Any CPU.ActiveCfg = Debug|Any CPU
		{67E66A6F-A918-48D4-8591-F816EAE4364F}.Debug|Any CPU.Build.0 = Debug|Any CPU
		{67E66A6F-A918-48D4-8591-F816EAE4364F}.Release|Any CPU.ActiveCfg = Release|Any CPU
		{67E66A6F-A918-48D4-8591-F816EAE4364F}.Release|Any CPU.Build.0 = Release|Any CPU
		{3B833DAB-3DAF-49E7-82EA-621DF2A14723}.Debug|Any CPU.ActiveCfg = Debug|Any CPU
		{3B833DAB-3DAF-49E7-82EA-621DF2A14723}.Debug|Any CPU.Build.0 = Debug|Any CPU
		{3B833DAB-3DAF-49E7-82EA-621DF2A14723}.Release|Any CPU.ActiveCfg = Release|Any CPU
		{3B833DAB-3DAF-49E7-82EA-621DF2A14723}.Release|Any CPU.Build.0 = Release|Any CPU
	EndGlobalSection
	GlobalSection(SolutionProperties) = preSolution
		HideSolutionNode = FALSE
	EndGlobalSection
	GlobalSection(ExtensibilityGlobals) = postSolution
		SolutionGuid = {CF5B6478-53A1-41A4-9DCC-C5B6D799D118}
	EndGlobalSection
EndGlobal
